github.com/SidneyCao/goV2Client v0.0.0-20230616062424-57d648d4a4a8 h1:aaDBSjXPNm+TF3e5sF2m2cUFKqSBJ5OL+5yb4t2f2Ds=
github.com/SidneyCao/goV2Client v0.0.0-20230616062424-57d648d4a4a8/go.mod h1:Mk9TaDUBgw4lxbC94PAD72C7TqgUYC07vFroo2pwDUY=
github.com/SidneyCao/tcping v1.0.0 h1:AmyAXPBGfmM6upkZGDuGKEMPAr7cyKIQYk+acWX9Ht4=
github.com/SidneyCao/tcping v1.0.0/go.mod h1:TaynnwoNZlrLgEFPIcxkl12eRJtwldJdYmrsnd3aJIM=
github.com/cpuguy83/go-md2man/v2 v2.0.2/go.mod h1:tgQtvFlXSQOSOSIRvRPT7W67SCa46tRHOmNcaadrF8o=
github.com/inconshreveable/mousetrap v1.1.0 h1:wN+x4NVGpMsO7ErUn/mUI3vEoE6Jt13X2s0bqwp9tc8=
github.com/inconshreveable/mousetrap v1.1.0/go.mod h1:vpF70FUmC8bwa3OWnCshd2FqLfsEA9PFc4w1p2J65bw=
github.com/russross/blackfriday/v2 v2.1.0/go.mod h1:+Rmxgy9KzJVeS9/2gXHxylqXiyQDYRxCVz55jmeOWTM=
github.com/sidneycao/tcping v1.0.1 h1:hQuVv7GymQPS+Onl0Q7Y5+ltkv7tZ6OphZ0dMLOxEMc=
github.com/sidneycao/tcping v1.0.1/go.mod h1:OWGGDKNUzs+OtqtABfB70WqtHrLlpsrDmQWdx1qPjCE=
github.com/spf13/cobra v1.7.0 h1:hyqWnYt1ZQShIddO5kBpj3vu05/++x6tJ6dg8EC572I=
github.com/spf13/cobra v1.7.0/go.mod h1:uLxZILRyS/50WlhOIKD7W6V5bgeIt+4sICxh6uRMrb0=
github.com/spf13/pflag v1.0.5 h1:iy+VFUOCP1a+8yFto/drg2CJ5u0yRoB7fZw3DKv/JXA=
github.com/spf13/pflag v1.0.5/go.mod h1:McXfInJRrz4CZXVZOBLb0bTZqETkiAhM9Iw0y3An2Bg=
gopkg.in/check.v1 v0.0.0-20161208181325-20d25e280405/go.mod h1:Co6ibVJAznAaIkqp8huTwlJQCZ016jof/cbN4VW5Yz0=
gopkg.in/yaml.v3 v3.0.1/go.mod h1:K4uyk7z7BCEPqu6E+C64Yfv1cQ7kz7rIZviUmN+EgEM=
